
Microsoft Visual Studio Solution File, Format Version 11.00
# Visual Studio 2010
Project("{F14B399A-7131-4C87-9E4B-1186C45EF12D}") = "IFSReport", "IFSReport\IFSReport.rptproj", "{75BF4DED-7D9C-47F4-B9E0-18F44D7C0001}"
EndProject
Global
	GlobalSection(SolutionConfigurationPlatforms) = preSolution
		Debug|Default = Debug|Default
		DebugLocal|Default = DebugLocal|Default
		Release|Default = Release|Default
	EndGlobalSection
	GlobalSection(ProjectConfigurationPlatforms) = postSolution
		{75BF4DED-7D9C-47F4-B9E0-18F44D7C0001}.Debug|Default.ActiveCfg = Debug
		{75BF4DED-7D9C-47F4-B9E0-18F44D7C0001}.Debug|Default.Build.0 = DebugLocal
		{75BF4DED-7D9C-47F4-B9E0-18F44D7C0001}.Debug|Default.Deploy.0 = DebugLocal
		{75BF4DED-7D9C-47F4-B9E0-18F44D7C0001}.DebugLocal|Default.ActiveCfg = DebugLocal
		{75BF4DED-7D9C-47F4-B9E0-18F44D7C0001}.DebugLocal|Default.Build.0 = DebugLocal
		{75BF4DED-7D9C-47F4-B9E0-18F44D7C0001}.Release|Default.ActiveCfg = Release
		{75BF4DED-7D9C-47F4-B9E0-18F44D7C0001}.Release|Default.Build.0 = Release
		{75BF4DED-7D9C-47F4-B9E0-18F44D7C0001}.Release|Default.Deploy.0 = Release
	EndGlobalSection
	GlobalSection(SolutionProperties) = preSolution
		HideSolutionNode = FALSE
	EndGlobalSection
EndGlobal
